{
  "lockfileVersion": 1,
  "workspaces": {
    "": {
      "name": "mitchell-chat-embeds",
      "dependencies": {
        "uuid": "^11.1.0",
      },
    },
  },
  "packages": {
    "uuid": ["uuid@11.1.0", "", { "bin": { "uuid": "dist/esm/bin/uuid" } }, "sha512-0/A9rDy9P7cJ+8w1c9WD9V//9Wj15Ce2MPz8Ri6032usz+NfePxx5AcN3bN+r6ZL6jEo066/yNYB3tn4pQEx+A=="],
  }
}
